// !$*UTF8*$!
{
	archiveVersion = 1;
	classes = {
	};
	objectVersion = 46;
	objects = {

/* Begin PBXBuildFile section */
		ED920FF61C931B98009E97D1 /* libPersistenceLayer.a in Frameworks */ = {isa = PBXBuildFile; fileRef = ED920FF51C931B98009E97D1 /* libPersistenceLayer.a */; };
		ED92101C1C9320F1009E97D1 /* Note.h in Sources */ = {isa = PBXBuildFile; fileRef = ED92101A1C9320F1009E97D1 /* Note.h */; };
		ED92101D1C9320F1009E97D1 /* NoteDAO.h in Sources */ = {isa = PBXBuildFile; fileRef = ED92101B1C9320F1009E97D1 /* NoteDAO.h */; };
		EDC1048D1C91CE18007EE2F7 /* NoteBL.m in Sources */ = {isa = PBXBuildFile; fileRef = EDC1048C1C91CE18007EE2F7 /* NoteBL.m */; };
/* End PBXBuildFile section */

/* Begin PBXCopyFilesBuildPhase section */
		EDC1047D1C91CE03007EE2F7 /* CopyFiles */ = {
			isa = PBXCopyFilesBuildPhase;
			buildActionMask = 2147483647;
			dstPath = "include/$(PRODUCT_NAME)";
			dstSubfolderSpec = 16;
			files = (
			);
			runOnlyForDeploymentPostprocessing = 0;
		};
/* End PBXCopyFilesBuildPhase section */

/* Begin PBXFileReference section */
		ED920FF51C931B98009E97D1 /* libPersistenceLayer.a */ = {isa = PBXFileReference; lastKnownFileType = archive.ar; name = libPersistenceLayer.a; path = "../../../../../../../Library/Developer/Xcode/DerivedData/MyNote_Workspace-dlcisjxxzodwzjbxdtsfzflokgky/Build/Products/Debug-iphoneos/libPersistenceLayer.a"; sourceTree = "<group>"; };
		ED92101A1C9320F1009E97D1 /* Note.h */ = {isa = PBXFileReference; lastKnownFileType = sourcecode.c.h; name = Note.h; path = ../PersistenceLayer/PersistenceLayer/Note.h; sourceTree = "<group>"; };
		ED92101B1C9320F1009E97D1 /* NoteDAO.h */ = {isa = PBXFileReference; lastKnownFileType = sourcecode.c.h; name = NoteDAO.h; path = ../PersistenceLayer/PersistenceLayer/NoteDAO.h; sourceTree = "<group>"; };
		EDC1047F1C91CE03007EE2F7 /* libBusinessLogicLayer.a */ = {isa = PBXFileReference; explicitFileType = archive.ar; includeInIndex = 0; path = libBusinessLogicLayer.a; sourceTree = BUILT_PRODUCTS_DIR; };
		EDC1048B1C91CE18007EE2F7 /* NoteBL.h */ = {isa = PBXFileReference; fileEncoding = 4; lastKnownFileType = sourcecode.c.h; path = NoteBL.h; sourceTree = "<group>"; };
		EDC1048C1C91CE18007EE2F7 /* NoteBL.m */ = {isa = PBXFileReference; fileEncoding = 4; lastKnownFileType = sourcecode.c.objc; path = NoteBL.m; sourceTree = "<group>"; };
/* End PBXFileReference section */

/* Begin PBXFrameworksBuildPhase section */
		EDC1047C1C91CE03007EE2F7 /* Frameworks */ = {
			isa = PBXFrameworksBuildPhase;
			buildActionMask = 2147483647;
			files = (
				ED920FF61C931B98009E97D1 /* libPersistenceLayer.a in Frameworks */,
			);
			runOnlyForDeploymentPostprocessing = 0;
		};
/* End PBXFrameworksBuildPhase section */

/* Begin PBXGroup section */
		EDC104761C91CE03007EE2F7 = {
			isa = PBXGroup;
			children = (
				ED92101A1C9320F1009E97D1 /* Note.h */,
				ED92101B1C9320F1009E97D1 /* NoteDAO.h */,
				ED920FF51C931B98009E97D1 /* libPersistenceLayer.a */,
				EDC104811C91CE04007EE2F7 /* BusinessLogicLayer */,
				EDC104801C91CE03007EE2F7 /* Products */,
			);
			sourceTree = "<group>";
		};
		EDC104801C91CE03007EE2F7 /* Products */ = {
			isa = PBXGroup;
			children = (
				EDC1047F1C91CE03007EE2F7 /* libBusinessLogicLayer.a */,
			);
			name = Products;
			sourceTree = "<group>";
		};
		EDC104811C91CE04007EE2F7 /* BusinessLogicLayer */ = {
			isa = PBXGroup;
			children = (
				EDC1048B1C91CE18007EE2F7 /* NoteBL.h */,
				EDC1048C1C91CE18007EE2F7 /* NoteBL.m */,
			);
			path = BusinessLogicLayer;
			sourceTree = "<group>";
		};
/* End PBXGroup section */

/* Begin PBXNativeTarget section */
		EDC1047E1C91CE03007EE2F7 /* BusinessLogicLayer */ = {
			isa = PBXNativeTarget;
			buildConfigurationList = EDC104881C91CE04007EE2F7 /* Build configuration list for PBXNativeTarget "BusinessLogicLayer" */;
			buildPhases = (
				EDC1047B1C91CE03007EE2F7 /* Sources */,
				EDC1047C1C91CE03007EE2F7 /* Frameworks */,
				EDC1047D1C91CE03007EE2F7 /* CopyFiles */,
			);
			buildRules = (
			);
			dependencies = (
			);
			name = BusinessLogicLayer;
			productName = BusinessLogicLayer;
			productReference = EDC1047F1C91CE03007EE2F7 /* libBusinessLogicLayer.a */;
			productType = "com.apple.product-type.library.static";
		};
/* End PBXNativeTarget section */

/* Begin PBXProject section */
		EDC104771C91CE03007EE2F7 /* Project object */ = {
			isa = PBXProject;
			attributes = {
				LastUpgradeCheck = 0720;
				ORGANIZATIONNAME = xindongai;
				TargetAttributes = {
					EDC1047E1C91CE03007EE2F7 = {
						CreatedOnToolsVersion = 7.2.1;
					};
				};
			};
			buildConfigurationList = EDC1047A1C91CE03007EE2F7 /* Build configuration list for PBXProject "BusinessLogicLayer" */;
			compatibilityVersion = "Xcode 3.2";
			developmentRegion = English;
			hasScannedForEncodings = 0;
			knownRegions = (
				en,
			);
			mainGroup = EDC104761C91CE03007EE2F7;
			productRefGroup = EDC104801C91CE03007EE2F7 /* Products */;
			projectDirPath = "";
			projectRoot = "";
			targets = (
				EDC1047E1C91CE03007EE2F7 /* BusinessLogicLayer */,
			);
		};
/* End PBXProject section */

/* Begin PBXSourcesBuildPhase section */
		EDC1047B1C91CE03007EE2F7 /* Sources */ = {
			isa = PBXSourcesBuildPhase;
			buildActionMask = 2147483647;
			files = (
				ED92101C1C9320F1009E97D1 /* Note.h in Sources */,
				ED92101D1C9320F1009E97D1 /* NoteDAO.h in Sources */,
				EDC1048D1C91CE18007EE2F7 /* NoteBL.m in Sources */,
			);
			runOnlyForDeploymentPostprocessing = 0;
		};
/* End PBXSourcesBuildPhase section */

/* Begin XCBuildConfiguration section */
		EDC104861C91CE04007EE2F7 /* Debug */ = {
			isa = XCBuildConfiguration;
			buildSettings = {
				ALWAYS_SEARCH_USER_PATHS = NO;
				CLANG_CXX_LANGUAGE_STANDARD = "gnu++0x";
				CLANG_CXX_LIBRARY = "libc++";
				CLANG_ENABLE_MODULES = YES;
				CLANG_ENABLE_OBJC_ARC = YES;
				CLANG_WARN_BOOL_CONVERSION = YES;
				CLANG_WARN_CONSTANT_CONVERSION = YES;
				CLANG_WARN_DIRECT_OBJC_ISA_USAGE = YES_ERROR;
				CLANG_WARN_EMPTY_BODY = YES;
				CLANG_WARN_ENUM_CONVERSION = YES;
				CLANG_WARN_INT_CONVERSION = YES;
				CLANG_WARN_OBJC_ROOT_CLASS = YES_ERROR;
				CLANG_WARN_UNREACHABLE_CODE = YES;
				CLANG_WARN__DUPLICATE_METHOD_MATCH = YES;
				"CODE_SIGN_IDENTITY[sdk=iphoneos*]" = "iPhone Developer";
				COPY_PHASE_STRIP = NO;
				DEBUG_INFORMATION_FORMAT = dwarf;
				ENABLE_STRICT_OBJC_MSGSEND = YES;
				ENABLE_TESTABILITY = YES;
				GCC_C_LANGUAGE_STANDARD = gnu99;
				GCC_DYNAMIC_NO_PIC = NO;
				GCC_NO_COMMON_BLOCKS = YES;
				GCC_OPTIMIZATION_LEVEL = 0;
				GCC_PREPROCESSOR_DEFINITIONS = (
					"DEBUG=1",
					"$(inherited)",
				);
				GCC_WARN_64_TO_32_BIT_CONVERSION = YES;
				GCC_WARN_ABOUT_RETURN_TYPE = YES_ERROR;
				GCC_WARN_UNDECLARED_SELECTOR = YES;
				GCC_WARN_UNINITIALIZED_AUTOS = YES_AGGRESSIVE;
				GCC_WARN_UNUSED_FUNCTION = YES;
				GCC_WARN_UNUSED_VARIABLE = YES;
				IPHONEOS_DEPLOYMENT_TARGET = 9.2;
				MTL_ENABLE_DEBUG_INFO = YES;
				ONLY_ACTIVE_ARCH = YES;
				SDKROOT = iphoneos;
			};
			name = Debug;
		};
		EDC104871C91CE04007EE2F7 /* Release */ = {
			isa = XCBuildConfiguration;
			buildSettings = {
				ALWAYS_SEARCH_USER_PATHS = NO;
				CLANG_CXX_LANGUAGE_STANDARD = "gnu++0x";
				CLANG_CXX_LIBRARY = "libc++";
				CLANG_ENABLE_MODULES = YES;
				CLANG_ENABLE_OBJC_ARC = YES;
				CLANG_WARN_BOOL_CONVERSION = YES;
				CLANG_WARN_CONSTANT_CONVERSION = YES;
				CLANG_WARN_DIRECT_OBJC_ISA_USAGE = YES_ERROR;
				CLANG_WARN_EMPTY_BODY = YES;
				CLANG_WARN_ENUM_CONVERSION = YES;
				CLANG_WARN_INT_CONVERSION = YES;
				CLANG_WARN_OBJC_ROOT_CLASS = YES_ERROR;
				CLANG_WARN_UNREACHABLE_CODE = YES;
				CLANG_WARN__DUPLICATE_METHOD_MATCH = YES;
				"CODE_SIGN_IDENTITY[sdk=iphoneos*]" = "iPhone Developer";
				COPY_PHASE_STRIP = NO;
				DEBUG_INFORMATION_FORMAT = "dwarf-with-dsym";
				ENABLE_NS_ASSERTIONS = NO;
				ENABLE_STRICT_OBJC_MSGSEND = YES;
				GCC_C_LANGUAGE_STANDARD = gnu99;
				GCC_NO_COMMON_BLOCKS = YES;
				GCC_WARN_64_TO_32_BIT_CONVERSION = YES;
				GCC_WARN_ABOUT_RETURN_TYPE = YES_ERROR;
				GCC_WARN_UNDECLARED_SELECTOR = YES;
				GCC_WARN_UNINITIALIZED_AUTOS = YES_AGGRESSIVE;
				GCC_WARN_UNUSED_FUNCTION = YES;
				GCC_WARN_UNUSED_VARIABLE = YES;
				IPHONEOS_DEPLOYMENT_TARGET = 9.2;
				MTL_ENABLE_DEBUG_INFO = NO;
				SDKROOT = iphoneos;
				VALIDATE_PRODUCT = YES;
			};
			name = Release;
		};
		EDC104891C91CE04007EE2F7 /* Debug */ = {
			isa = XCBuildConfiguration;
			buildSettings = {
				OTHER_LDFLAGS = "-ObjC";
				PRODUCT_NAME = "$(TARGET_NAME)";
				SKIP_INSTALL = YES;
				USER_HEADER_SEARCH_PATHS = "$(BUILT_PRODUCTS_DIR)/**";
			};
			name = Debug;
		};
		EDC1048A1C91CE04007EE2F7 /* Release */ = {
			isa = XCBuildConfiguration;
			buildSettings = {
				OTHER_LDFLAGS = "-ObjC";
				PRODUCT_NAME = "$(TARGET_NAME)";
				SKIP_INSTALL = YES;
				USER_HEADER_SEARCH_PATHS = "$(BUILT_PRODUCTS_DIR)/**";
			};
			name = Release;
		};
/* End XCBuildConfiguration section */

/* Begin XCConfigurationList section */
		EDC1047A1C91CE03007EE2F7 /* Build configuration list for PBXProject "BusinessLogicLayer" */ = {
			isa = XCConfigurationList;
			buildConfigurations = (
				EDC104861C91CE04007EE2F7 /* Debug */,
				EDC104871C91CE04007EE2F7 /* Release */,
			);
			defaultConfigurationIsVisible = 0;
			defaultConfigurationName = Release;
		};
		EDC104881C91CE04007EE2F7 /* Build configuration list for PBXNativeTarget "BusinessLogicLayer" */ = {
			isa = XCConfigurationList;
			buildConfigurations = (
				EDC104891C91CE04007EE2F7 /* Debug */,
				EDC1048A1C91CE04007EE2F7 /* Release */,
			);
			defaultConfigurationIsVisible = 0;
			defaultConfigurationName = Release;
		};
/* End XCConfigurationList section */
	};
	rootObject = EDC104771C91CE03007EE2F7 /* Project object */;
}
